# This file is autogenerated, do not edit; changes may be undone by the next 'dep ensure'.


[[projects]]
  branch = "master"
  digest = "1:1ba1d79f2810270045c328ae5d674321db34e3aae468eb4233883b473c5c0467"
  name = "github.com/golang/glog"
  packages = ["."]
  pruneopts = "UT"
  revision = "23def4e6c14b4da8ac2ed8007337bc5eb5007998"

[[projects]]
  digest = "1:43dd08a10854b2056e615d1b1d22ac94559d822e1f8b6fcc92c1a1057e85188e"
  name = "github.com/gorilla/websocket"
  packages = ["."]
  pruneopts = "UT"
  revision = "ea4d1f681babbce9545c9c5f3d5194a789c89f5b"
  version = "v1.2.0"

[[projects]]
  branch = "master"
  digest = "1:6b11eeaff2a1a09dd815fbbe9c41e97f46053ed8b4d471cef3b23473eef7b740"
  name = "github.com/kidoman/embd"
  packages = [
    ".",
    "controller/hd44780",
    "host/generic",
    "host/rpi",
  ]
  pruneopts = "UT"
  revision = "d3d8c0c5c68dc6caccebb7d720f36e64bafd0a62"

[[projects]]
  digest = "1:3cafc6a5a1b8269605d9df4c6956d43d8011fc57f266ca6b9d04da6c09dee548"
  name = "github.com/mattn/go-sqlite3"
  packages = ["."]
  pruneopts = "UT"
  revision = "25ecb14adfc7543176f7d85291ec7dba82c6f7e4"
  version = "v1.9.0"

[solve-meta]
  analyzer-name = "dep"
  analyzer-version = 1
  input-imports = [
    "github.com/gorilla/websocket",
    "github.com/kidoman/embd",
    "github.com/kidoman/embd/controller/hd44780",
    "github.com/kidoman/embd/host/rpi",
    "github.com/mattn/go-sqlite3",
  ]
  solver-name = "gps-cdcl"
  solver-version = 1
